// !$*UTF8*$!
{
	archiveVersion = 1;
	classes = {
	};
	objectVersion = 46;
	objects = {

/* Begin PBXBuildFile section */
		270E59CC1A02EF1600F63148 /* main.m in Sources */ = {isa = PBXBuildFile; fileRef = 270E59CB1A02EF1600F63148 /* main.m */; };
		270E59CF1A02EF1600F63148 /* AppDelegate.m in Sources */ = {isa = PBXBuildFile; fileRef = 270E59CE1A02EF1600F63148 /* AppDelegate.m */; };
		270E59D71A02EF1600F63148 /* Images.xcassets in Resources */ = {isa = PBXBuildFile; fileRef = 270E59D61A02EF1600F63148 /* Images.xcassets */; };
		270E59E61A02EF1600F63148 /* BlocstagramTests.m in Sources */ = {isa = PBXBuildFile; fileRef = 270E59E51A02EF1600F63148 /* BlocstagramTests.m */; };
		270E59FA1A02F18700F63148 /* 1.jpg in Resources */ = {isa = PBXBuildFile; fileRef = 270E59F01A02F18700F63148 /* 1.jpg */; };
		270E59FB1A02F18700F63148 /* 2.jpg in Resources */ = {isa = PBXBuildFile; fileRef = 270E59F11A02F18700F63148 /* 2.jpg */; };
		270E59FC1A02F18700F63148 /* 3.jpg in Resources */ = {isa = PBXBuildFile; fileRef = 270E59F21A02F18700F63148 /* 3.jpg */; };
		270E59FD1A02F18700F63148 /* 4.jpg in Resources */ = {isa = PBXBuildFile; fileRef = 270E59F31A02F18700F63148 /* 4.jpg */; };
		270E59FE1A02F18700F63148 /* 5.jpg in Resources */ = {isa = PBXBuildFile; fileRef = 270E59F41A02F18700F63148 /* 5.jpg */; };
		270E59FF1A02F18700F63148 /* 6.jpg in Resources */ = {isa = PBXBuildFile; fileRef = 270E59F51A02F18700F63148 /* 6.jpg */; };
		270E5A001A02F18700F63148 /* 7.jpg in Resources */ = {isa = PBXBuildFile; fileRef = 270E59F61A02F18700F63148 /* 7.jpg */; };
		270E5A011A02F18700F63148 /* 8.jpg in Resources */ = {isa = PBXBuildFile; fileRef = 270E59F71A02F18700F63148 /* 8.jpg */; };
		270E5A021A02F18700F63148 /* 9.jpg in Resources */ = {isa = PBXBuildFile; fileRef = 270E59F81A02F18700F63148 /* 9.jpg */; };
		270E5A031A02F18700F63148 /* 10.jpg in Resources */ = {isa = PBXBuildFile; fileRef = 270E59F91A02F18700F63148 /* 10.jpg */; };
		270E5A061A02F20A00F63148 /* BLCImagesTableViewController.m in Sources */ = {isa = PBXBuildFile; fileRef = 270E5A051A02F20A00F63148 /* BLCImagesTableViewController.m */; };
		275BD3371A0F4A3100A4164A /* BLCMediaFullScreenAnimator.m in Sources */ = {isa = PBXBuildFile; fileRef = 275BD3361A0F4A3100A4164A /* BLCMediaFullScreenAnimator.m */; };
		279AAA301A0E9E5D00542A07 /* BLCMediaFullScreenViewController.m in Sources */ = {isa = PBXBuildFile; fileRef = 279AAA2F1A0E9E5D00542A07 /* BLCMediaFullScreenViewController.m */; };
		27AC6ACF1A09A09C0070733B /* Default-568h@2x.png in Resources */ = {isa = PBXBuildFile; fileRef = 27AC6ACE1A09A09C0070733B /* Default-568h@2x.png */; };
		27AC6AD21A09F2200070733B /* BLCLoginViewController.m in Sources */ = {isa = PBXBuildFile; fileRef = 27AC6AD11A09F2200070733B /* BLCLoginViewController.m */; };
		27B423251A13D3D600630AA5 /* BLCComposeCommentView.m in Sources */ = {isa = PBXBuildFile; fileRef = 27B423241A13D3D600630AA5 /* BLCComposeCommentView.m */; };
		27B423281A14354E00630AA5 /* BLCCameraToolbar.m in Sources */ = {isa = PBXBuildFile; fileRef = 27B423271A14354E00630AA5 /* BLCCameraToolbar.m */; };
		27B4232B1A143DE200630AA5 /* BLCCameraViewController.m in Sources */ = {isa = PBXBuildFile; fileRef = 27B4232A1A143DE200630AA5 /* BLCCameraViewController.m */; };
		27B423311A1480AB00630AA5 /* UIImage+BLCImageUtilities.m in Sources */ = {isa = PBXBuildFile; fileRef = 27B423301A1480AB00630AA5 /* UIImage+BLCImageUtilities.m */; };
		27C996B41A03FBE800B849D5 /* BLCUser.m in Sources */ = {isa = PBXBuildFile; fileRef = 27C996B31A03FBE800B849D5 /* BLCUser.m */; };
		27C996B71A03FDF400B849D5 /* BLCMedia.m in Sources */ = {isa = PBXBuildFile; fileRef = 27C996B61A03FDF400B849D5 /* BLCMedia.m */; };
		27C996BA1A03FF9300B849D5 /* BLCComment.m in Sources */ = {isa = PBXBuildFile; fileRef = 27C996B91A03FF9300B849D5 /* BLCComment.m */; };
		27C996BD1A04040500B849D5 /* BLCDataSource.m in Sources */ = {isa = PBXBuildFile; fileRef = 27C996BC1A04040500B849D5 /* BLCDataSource.m */; };
		27CD83591A07EF7A00855D52 /* BLCMediaTableViewCell.m in Sources */ = {isa = PBXBuildFile; fileRef = 27CD83581A07EF7A00855D52 /* BLCMediaTableViewCell.m */; };
		27D5183A1A12C3F6008F6675 /* BLCCircleSpinnerView.m in Sources */ = {isa = PBXBuildFile; fileRef = 27D518391A12C3F6008F6675 /* BLCCircleSpinnerView.m */; };
		27D5183D1A12DB27008F6675 /* BLCLikeButton.m in Sources */ = {isa = PBXBuildFile; fileRef = 27D5183C1A12DB27008F6675 /* BLCLikeButton.m */; };
		CF1EDE83514D3212B13C567F /* libPods.a in Frameworks */ = {isa = PBXBuildFile; fileRef = F6101C171535440D4AAB291E /* libPods.a */; };
/* End PBXBuildFile section */

/* Begin PBXContainerItemProxy section */
		270E59E01A02EF1600F63148 /* PBXContainerItemProxy */ = {
			isa = PBXContainerItemProxy;
			containerPortal = 270E59BE1A02EF1600F63148 /* Project object */;
			proxyType = 1;
			remoteGlobalIDString = 270E59C51A02EF1600F63148;
			remoteInfo = Blocstagram;
		};
/* End PBXContainerItemProxy section */

/* Begin PBXFileReference section */
		270E59C61A02EF1600F63148 /* Blocstagram.app */ = {isa = PBXFileReference; explicitFileType = wrapper.application; includeInIndex = 0; path = Blocstagram.app; sourceTree = BUILT_PRODUCTS_DIR; };
		270E59CA1A02EF1600F63148 /* Info.plist */ = {isa = PBXFileReference; lastKnownFileType = text.plist.xml; path = Info.plist; sourceTree = "<group>"; };
		270E59CB1A02EF1600F63148 /* main.m */ = {isa = PBXFileReference; lastKnownFileType = sourcecode.c.objc; path = main.m; sourceTree = "<group>"; };
		270E59CD1A02EF1600F63148 /* AppDelegate.h */ = {isa = PBXFileReference; lastKnownFileType = sourcecode.c.h; path = AppDelegate.h; sourceTree = "<group>"; };
		270E59CE1A02EF1600F63148 /* AppDelegate.m */ = {isa = PBXFileReference; lastKnownFileType = sourcecode.c.objc; path = AppDelegate.m; sourceTree = "<group>"; };
		270E59D61A02EF1600F63148 /* Images.xcassets */ = {isa = PBXFileReference; lastKnownFileType = folder.assetcatalog; path = Images.xcassets; sourceTree = "<group>"; };
		270E59DF1A02EF1600F63148 /* BlocstagramTests.xctest */ = {isa = PBXFileReference; explicitFileType = wrapper.cfbundle; includeInIndex = 0; path = BlocstagramTests.xctest; sourceTree = BUILT_PRODUCTS_DIR; };
		270E59E41A02EF1600F63148 /* Info.plist */ = {isa = PBXFileReference; lastKnownFileType = text.plist.xml; path = Info.plist; sourceTree = "<group>"; };
		270E59E51A02EF1600F63148 /* BlocstagramTests.m */ = {isa = PBXFileReference; lastKnownFileType = sourcecode.c.objc; path = BlocstagramTests.m; sourceTree = "<group>"; };
		270E59F01A02F18700F63148 /* 1.jpg */ = {isa = PBXFileReference; lastKnownFileType = image.jpeg; path = 1.jpg; sourceTree = "<group>"; };
		270E59F11A02F18700F63148 /* 2.jpg */ = {isa = PBXFileReference; lastKnownFileType = image.jpeg; path = 2.jpg; sourceTree = "<group>"; };
		270E59F21A02F18700F63148 /* 3.jpg */ = {isa = PBXFileReference; lastKnownFileType = image.jpeg; path = 3.jpg; sourceTree = "<group>"; };
		270E59F31A02F18700F63148 /* 4.jpg */ = {isa = PBXFileReference; lastKnownFileType = image.jpeg; path = 4.jpg; sourceTree = "<group>"; };
		270E59F41A02F18700F63148 /* 5.jpg */ = {isa = PBXFileReference; lastKnownFileType = image.jpeg; path = 5.jpg; sourceTree = "<group>"; };
		270E59F51A02F18700F63148 /* 6.jpg */ = {isa = PBXFileReference; lastKnownFileType = image.jpeg; path = 6.jpg; sourceTree = "<group>"; };
		270E59F61A02F18700F63148 /* 7.jpg */ = {isa = PBXFileReference; lastKnownFileType = image.jpeg; path = 7.jpg; sourceTree = "<group>"; };
		270E59F71A02F18700F63148 /* 8.jpg */ = {isa = PBXFileReference; lastKnownFileType = image.jpeg; path = 8.jpg; sourceTree = "<group>"; };
		270E59F81A02F18700F63148 /* 9.jpg */ = {isa = PBXFileReference; lastKnownFileType = image.jpeg; path = 9.jpg; sourceTree = "<group>"; };
		270E59F91A02F18700F63148 /* 10.jpg */ = {isa = PBXFileReference; lastKnownFileType = image.jpeg; path = 10.jpg; sourceTree = "<group>"; };
		270E5A041A02F20A00F63148 /* BLCImagesTableViewController.h */ = {isa = PBXFileReference; fileEncoding = 4; lastKnownFileType = sourcecode.c.h; path = BLCImagesTableViewController.h; sourceTree = "<group>"; };
		270E5A051A02F20A00F63148 /* BLCImagesTableViewController.m */ = {isa = PBXFileReference; fileEncoding = 4; lastKnownFileType = sourcecode.c.objc; path = BLCImagesTableViewController.m; sourceTree = "<group>"; };
		275BD3351A0F4A3100A4164A /* BLCMediaFullScreenAnimator.h */ = {isa = PBXFileReference; fileEncoding = 4; lastKnownFileType = sourcecode.c.h; path = BLCMediaFullScreenAnimator.h; sourceTree = "<group>"; };
		275BD3361A0F4A3100A4164A /* BLCMediaFullScreenAnimator.m */ = {isa = PBXFileReference; fileEncoding = 4; lastKnownFileType = sourcecode.c.objc; path = BLCMediaFullScreenAnimator.m; sourceTree = "<group>"; };
		279AAA2E1A0E9E5D00542A07 /* BLCMediaFullScreenViewController.h */ = {isa = PBXFileReference; fileEncoding = 4; lastKnownFileType = sourcecode.c.h; path = BLCMediaFullScreenViewController.h; sourceTree = "<group>"; };
		279AAA2F1A0E9E5D00542A07 /* BLCMediaFullScreenViewController.m */ = {isa = PBXFileReference; fileEncoding = 4; lastKnownFileType = sourcecode.c.objc; path = BLCMediaFullScreenViewController.m; sourceTree = "<group>"; };
		27AC6ACE1A09A09C0070733B /* Default-568h@2x.png */ = {isa = PBXFileReference; lastKnownFileType = image.png; path = "Default-568h@2x.png"; sourceTree = "<group>"; };
		27AC6AD01A09F2200070733B /* BLCLoginViewController.h */ = {isa = PBXFileReference; fileEncoding = 4; lastKnownFileType = sourcecode.c.h; name = BLCLoginViewController.h; path = ../BLCLoginViewController.h; sourceTree = "<group>"; };
		27AC6AD11A09F2200070733B /* BLCLoginViewController.m */ = {isa = PBXFileReference; fileEncoding = 4; lastKnownFileType = sourcecode.c.objc; name = BLCLoginViewController.m; path = ../BLCLoginViewController.m; sourceTree = "<group>"; };
		27B423231A13D3D600630AA5 /* BLCComposeCommentView.h */ = {isa = PBXFileReference; fileEncoding = 4; lastKnownFileType = sourcecode.c.h; path = BLCComposeCommentView.h; sourceTree = "<group>"; };
		27B423241A13D3D600630AA5 /* BLCComposeCommentView.m */ = {isa = PBXFileReference; fileEncoding = 4; lastKnownFileType = sourcecode.c.objc; path = BLCComposeCommentView.m; sourceTree = "<group>"; };
		27B423261A14354E00630AA5 /* BLCCameraToolbar.h */ = {isa = PBXFileReference; fileEncoding = 4; lastKnownFileType = sourcecode.c.h; path = BLCCameraToolbar.h; sourceTree = "<group>"; };
		27B423271A14354E00630AA5 /* BLCCameraToolbar.m */ = {isa = PBXFileReference; fileEncoding = 4; lastKnownFileType = sourcecode.c.objc; path = BLCCameraToolbar.m; sourceTree = "<group>"; };
		27B423291A143DE200630AA5 /* BLCCameraViewController.h */ = {isa = PBXFileReference; fileEncoding = 4; lastKnownFileType = sourcecode.c.h; path = BLCCameraViewController.h; sourceTree = "<group>"; };
		27B4232A1A143DE200630AA5 /* BLCCameraViewController.m */ = {isa = PBXFileReference; fileEncoding = 4; lastKnownFileType = sourcecode.c.objc; path = BLCCameraViewController.m; sourceTree = "<group>"; };
		27B4232F1A1480AB00630AA5 /* UIImage+BLCImageUtilities.h */ = {isa = PBXFileReference; fileEncoding = 4; lastKnownFileType = sourcecode.c.h; path = "UIImage+BLCImageUtilities.h"; sourceTree = "<group>"; };
		27B423301A1480AB00630AA5 /* UIImage+BLCImageUtilities.m */ = {isa = PBXFileReference; fileEncoding = 4; lastKnownFileType = sourcecode.c.objc; path = "UIImage+BLCImageUtilities.m"; sourceTree = "<group>"; };
		27C996B21A03FBE800B849D5 /* BLCUser.h */ = {isa = PBXFileReference; fileEncoding = 4; lastKnownFileType = sourcecode.c.h; path = BLCUser.h; sourceTree = "<group>"; };
		27C996B31A03FBE800B849D5 /* BLCUser.m */ = {isa = PBXFileReference; fileEncoding = 4; lastKnownFileType = sourcecode.c.objc; path = BLCUser.m; sourceTree = "<group>"; };
		27C996B51A03FDF400B849D5 /* BLCMedia.h */ = {isa = PBXFileReference; fileEncoding = 4; lastKnownFileType = sourcecode.c.h; path = BLCMedia.h; sourceTree = "<group>"; };
		27C996B61A03FDF400B849D5 /* BLCMedia.m */ = {isa = PBXFileReference; fileEncoding = 4; lastKnownFileType = sourcecode.c.objc; path = BLCMedia.m; sourceTree = "<group>"; };
		27C996B81A03FF9300B849D5 /* BLCComment.h */ = {isa = PBXFileReference; fileEncoding = 4; lastKnownFileType = sourcecode.c.h; path = BLCComment.h; sourceTree = "<group>"; };
		27C996B91A03FF9300B849D5 /* BLCComment.m */ = {isa = PBXFileReference; fileEncoding = 4; lastKnownFileType = sourcecode.c.objc; path = BLCComment.m; sourceTree = "<group>"; };
		27C996BB1A04040500B849D5 /* BLCDataSource.h */ = {isa = PBXFileReference; fileEncoding = 4; lastKnownFileType = sourcecode.c.h; path = BLCDataSource.h; sourceTree = "<group>"; };
		27C996BC1A04040500B849D5 /* BLCDataSource.m */ = {isa = PBXFileReference; fileEncoding = 4; lastKnownFileType = sourcecode.c.objc; path = BLCDataSource.m; sourceTree = "<group>"; };
		27CD83571A07EF7A00855D52 /* BLCMediaTableViewCell.h */ = {isa = PBXFileReference; fileEncoding = 4; lastKnownFileType = sourcecode.c.h; path = BLCMediaTableViewCell.h; sourceTree = "<group>"; };
		27CD83581A07EF7A00855D52 /* BLCMediaTableViewCell.m */ = {isa = PBXFileReference; fileEncoding = 4; lastKnownFileType = sourcecode.c.objc; path = BLCMediaTableViewCell.m; sourceTree = "<group>"; };
		27D518381A12C3F6008F6675 /* BLCCircleSpinnerView.h */ = {isa = PBXFileReference; fileEncoding = 4; lastKnownFileType = sourcecode.c.h; path = BLCCircleSpinnerView.h; sourceTree = "<group>"; };
		27D518391A12C3F6008F6675 /* BLCCircleSpinnerView.m */ = {isa = PBXFileReference; fileEncoding = 4; lastKnownFileType = sourcecode.c.objc; path = BLCCircleSpinnerView.m; sourceTree = "<group>"; };
		27D5183B1A12DB27008F6675 /* BLCLikeButton.h */ = {isa = PBXFileReference; fileEncoding = 4; lastKnownFileType = sourcecode.c.h; path = BLCLikeButton.h; sourceTree = "<group>"; };
		27D5183C1A12DB27008F6675 /* BLCLikeButton.m */ = {isa = PBXFileReference; fileEncoding = 4; lastKnownFileType = sourcecode.c.objc; path = BLCLikeButton.m; sourceTree = "<group>"; };
		D273029F54FC93029ED972B4 /* Pods.release.xcconfig */ = {isa = PBXFileReference; includeInIndex = 1; lastKnownFileType = text.xcconfig; name = Pods.release.xcconfig; path = "Pods/Target Support Files/Pods/Pods.release.xcconfig"; sourceTree = "<group>"; };
		DF9A747F36B94E85182049D3 /* Pods.debug.xcconfig */ = {isa = PBXFileReference; includeInIndex = 1; lastKnownFileType = text.xcconfig; name = Pods.debug.xcconfig; path = "Pods/Target Support Files/Pods/Pods.debug.xcconfig"; sourceTree = "<group>"; };
		F6101C171535440D4AAB291E /* libPods.a */ = {isa = PBXFileReference; explicitFileType = archive.ar; includeInIndex = 0; path = libPods.a; sourceTree = BUILT_PRODUCTS_DIR; };
/* End PBXFileReference section */

/* Begin PBXFrameworksBuildPhase section */
		270E59C31A02EF1600F63148 /* Frameworks */ = {
			isa = PBXFrameworksBuildPhase;
			buildActionMask = 2147483647;
			files = (
				CF1EDE83514D3212B13C567F /* libPods.a in Frameworks */,
			);
			runOnlyForDeploymentPostprocessing = 0;
		};
		270E59DC1A02EF1600F63148 /* Frameworks */ = {
			isa = PBXFrameworksBuildPhase;
			buildActionMask = 2147483647;
			files = (
			);
			runOnlyForDeploymentPostprocessing = 0;
		};
/* End PBXFrameworksBuildPhase section */

/* Begin PBXGroup section */
		270E59BD1A02EF1600F63148 = {
			isa = PBXGroup;
			children = (
				27AC6ACE1A09A09C0070733B /* Default-568h@2x.png */,
				270E59C81A02EF1600F63148 /* Blocstagram */,
				270E59E21A02EF1600F63148 /* BlocstagramTests */,
				270E59C71A02EF1600F63148 /* Products */,
				51F6D978D3B9F729BC707D02 /* Pods */,
				3B71CCDA236F13ABFAD4E544 /* Frameworks */,
			);
			sourceTree = "<group>";
		};
		270E59C71A02EF1600F63148 /* Products */ = {
			isa = PBXGroup;
			children = (
				270E59C61A02EF1600F63148 /* Blocstagram.app */,
				270E59DF1A02EF1600F63148 /* BlocstagramTests.xctest */,
			);
			name = Products;
			sourceTree = "<group>";
		};
		270E59C81A02EF1600F63148 /* Blocstagram */ = {
			isa = PBXGroup;
			children = (
				270E59CD1A02EF1600F63148 /* AppDelegate.h */,
				270E59CE1A02EF1600F63148 /* AppDelegate.m */,
				27AC6AD01A09F2200070733B /* BLCLoginViewController.h */,
				27AC6AD11A09F2200070733B /* BLCLoginViewController.m */,
				270E5A041A02F20A00F63148 /* BLCImagesTableViewController.h */,
				270E5A051A02F20A00F63148 /* BLCImagesTableViewController.m */,
				279AAA2E1A0E9E5D00542A07 /* BLCMediaFullScreenViewController.h */,
				279AAA2F1A0E9E5D00542A07 /* BLCMediaFullScreenViewController.m */,
				27B423291A143DE200630AA5 /* BLCCameraViewController.h */,
				27B4232A1A143DE200630AA5 /* BLCCameraViewController.m */,
				27CD83571A07EF7A00855D52 /* BLCMediaTableViewCell.h */,
				27CD83581A07EF7A00855D52 /* BLCMediaTableViewCell.m */,
				27D518381A12C3F6008F6675 /* BLCCircleSpinnerView.h */,
				27D518391A12C3F6008F6675 /* BLCCircleSpinnerView.m */,
				27D5183B1A12DB27008F6675 /* BLCLikeButton.h */,
				27D5183C1A12DB27008F6675 /* BLCLikeButton.m */,
				27B423231A13D3D600630AA5 /* BLCComposeCommentView.h */,
				27B423241A13D3D600630AA5 /* BLCComposeCommentView.m */,
				27B423261A14354E00630AA5 /* BLCCameraToolbar.h */,
				27B423271A14354E00630AA5 /* BLCCameraToolbar.m */,
				27C996B21A03FBE800B849D5 /* BLCUser.h */,
				27C996B31A03FBE800B849D5 /* BLCUser.m */,
				27C996B51A03FDF400B849D5 /* BLCMedia.h */,
				27C996B61A03FDF400B849D5 /* BLCMedia.m */,
				27C996B81A03FF9300B849D5 /* BLCComment.h */,
				27C996B91A03FF9300B849D5 /* BLCComment.m */,
				275BD3351A0F4A3100A4164A /* BLCMediaFullScreenAnimator.h */,
				275BD3361A0F4A3100A4164A /* BLCMediaFullScreenAnimator.m */,
				27C996BB1A04040500B849D5 /* BLCDataSource.h */,
				27C996BC1A04040500B849D5 /* BLCDataSource.m */,
				27B4232F1A1480AB00630AA5 /* UIImage+BLCImageUtilities.h */,
				27B423301A1480AB00630AA5 /* UIImage+BLCImageUtilities.m */,
				270E59D61A02EF1600F63148 /* Images.xcassets */,
				270E59EF1A02F12B00F63148 /* Images */,
				270E59C91A02EF1600F63148 /* Supporting Files */,
			);
			path = Blocstagram;
			sourceTree = "<group>";
		};
		270E59C91A02EF1600F63148 /* Supporting Files */ = {
			isa = PBXGroup;
			children = (
				270E59CA1A02EF1600F63148 /* Info.plist */,
				270E59CB1A02EF1600F63148 /* main.m */,
			);
			name = "Supporting Files";
			sourceTree = "<group>";
		};
		270E59E21A02EF1600F63148 /* BlocstagramTests */ = {
			isa = PBXGroup;
			children = (
				270E59E51A02EF1600F63148 /* BlocstagramTests.m */,
				270E59E31A02EF1600F63148 /* Supporting Files */,
			);
			path = BlocstagramTests;
			sourceTree = "<group>";
		};
		270E59E31A02EF1600F63148 /* Supporting Files */ = {
			isa = PBXGroup;
			children = (
				270E59E41A02EF1600F63148 /* Info.plist */,
			);
			name = "Supporting Files";
			sourceTree = "<group>";
		};
		270E59EF1A02F12B00F63148 /* Images */ = {
			isa = PBXGroup;
			children = (
				27D518251A12C0EB008F6675 /* Bar Images */,
			);
			name = Images;
			sourceTree = "<group>";
		};
		27D518251A12C0EB008F6675 /* Bar Images */ = {
			isa = PBXGroup;
			children = (
				270E59F01A02F18700F63148 /* 1.jpg */,
				270E59F11A02F18700F63148 /* 2.jpg */,
				270E59F21A02F18700F63148 /* 3.jpg */,
				270E59F31A02F18700F63148 /* 4.jpg */,
				270E59F41A02F18700F63148 /* 5.jpg */,
				270E59F51A02F18700F63148 /* 6.jpg */,
				270E59F61A02F18700F63148 /* 7.jpg */,
				270E59F71A02F18700F63148 /* 8.jpg */,
				270E59F81A02F18700F63148 /* 9.jpg */,
				270E59F91A02F18700F63148 /* 10.jpg */,
			);
			name = "Bar Images";
			sourceTree = "<group>";
		};
		3B71CCDA236F13ABFAD4E544 /* Frameworks */ = {
			isa = PBXGroup;
			children = (
				F6101C171535440D4AAB291E /* libPods.a */,
			);
			name = Frameworks;
			sourceTree = "<group>";
		};
		51F6D978D3B9F729BC707D02 /* Pods */ = {
			isa = PBXGroup;
			children = (
				DF9A747F36B94E85182049D3 /* Pods.debug.xcconfig */,
				D273029F54FC93029ED972B4 /* Pods.release.xcconfig */,
			);
			name = Pods;
			sourceTree = "<group>";
		};
/* End PBXGroup section */

/* Begin PBXNativeTarget section */
		270E59C51A02EF1600F63148 /* Blocstagram */ = {
			isa = PBXNativeTarget;
			buildConfigurationList = 270E59E91A02EF1600F63148 /* Build configuration list for PBXNativeTarget "Blocstagram" */;
			buildPhases = (
				5447F1B84A45AFAEA0A8FA52 /* Check Pods Manifest.lock */,
				270E59C21A02EF1600F63148 /* Sources */,
				270E59C31A02EF1600F63148 /* Frameworks */,
				270E59C41A02EF1600F63148 /* Resources */,
				190AE1FF50064224E5E664E3 /* Copy Pods Resources */,
			);
			buildRules = (
			);
			dependencies = (
			);
			name = Blocstagram;
			productName = Blocstagram;
			productReference = 270E59C61A02EF1600F63148 /* Blocstagram.app */;
			productType = "com.apple.product-type.application";
		};
		270E59DE1A02EF1600F63148 /* BlocstagramTests */ = {
			isa = PBXNativeTarget;
			buildConfigurationList = 270E59EC1A02EF1600F63148 /* Build configuration list for PBXNativeTarget "BlocstagramTests" */;
			buildPhases = (
				270E59DB1A02EF1600F63148 /* Sources */,
				270E59DC1A02EF1600F63148 /* Frameworks */,
				270E59DD1A02EF1600F63148 /* Resources */,
			);
			buildRules = (
			);
			dependencies = (
				270E59E11A02EF1600F63148 /* PBXTargetDependency */,
			);
			name = BlocstagramTests;
			productName = BlocstagramTests;
			productReference = 270E59DF1A02EF1600F63148 /* BlocstagramTests.xctest */;
			productType = "com.apple.product-type.bundle.unit-test";
		};
/* End PBXNativeTarget section */

/* Begin PBXProject section */
		270E59BE1A02EF1600F63148 /* Project object */ = {
			isa = PBXProject;
			attributes = {
				LastUpgradeCheck = 0610;
				ORGANIZATIONNAME = Bloc;
				TargetAttributes = {
					270E59C51A02EF1600F63148 = {
						CreatedOnToolsVersion = 6.1;
					};
					270E59DE1A02EF1600F63148 = {
						CreatedOnToolsVersion = 6.1;
						TestTargetID = 270E59C51A02EF1600F63148;
					};
				};
			};
			buildConfigurationList = 270E59C11A02EF1600F63148 /* Build configuration list for PBXProject "Blocstagram" */;
			compatibilityVersion = "Xcode 3.2";
			developmentRegion = English;
			hasScannedForEncodings = 0;
			knownRegions = (
				en,
				Base,
			);
			mainGroup = 270E59BD1A02EF1600F63148;
			productRefGroup = 270E59C71A02EF1600F63148 /* Products */;
			projectDirPath = "";
			projectRoot = "";
			targets = (
				270E59C51A02EF1600F63148 /* Blocstagram */,
				270E59DE1A02EF1600F63148 /* BlocstagramTests */,
			);
		};
/* End PBXProject section */

/* Begin PBXResourcesBuildPhase section */
		270E59C41A02EF1600F63148 /* Resources */ = {
			isa = PBXResourcesBuildPhase;
			buildActionMask = 2147483647;
			files = (
				270E59FF1A02F18700F63148 /* 6.jpg in Resources */,
				270E59FB1A02F18700F63148 /* 2.jpg in Resources */,
				270E59D71A02EF1600F63148 /* Images.xcassets in Resources */,
				270E5A031A02F18700F63148 /* 10.jpg in Resources */,
				270E5A021A02F18700F63148 /* 9.jpg in Resources */,
				27AC6ACF1A09A09C0070733B /* Default-568h@2x.png in Resources */,
				270E5A011A02F18700F63148 /* 8.jpg in Resources */,
				270E5A001A02F18700F63148 /* 7.jpg in Resources */,
				270E59FA1A02F18700F63148 /* 1.jpg in Resources */,
				270E59FE1A02F18700F63148 /* 5.jpg in Resources */,
				270E59FD1A02F18700F63148 /* 4.jpg in Resources */,
				270E59FC1A02F18700F63148 /* 3.jpg in Resources */,
			);
			runOnlyForDeploymentPostprocessing = 0;
		};
		270E59DD1A02EF1600F63148 /* Resources */ = {
			isa = PBXResourcesBuildPhase;
			buildActionMask = 2147483647;
			files = (
			);
			runOnlyForDeploymentPostprocessing = 0;
		};
/* End PBXResourcesBuildPhase section */

/* Begin PBXShellScriptBuildPhase section */
		190AE1FF50064224E5E664E3 /* Copy Pods Resources */ = {
			isa = PBXShellScriptBuildPhase;
			buildActionMask = 2147483647;
			files = (
			);
			inputPaths = (
			);
			name = "Copy Pods Resources";
			outputPaths = (
			);
			runOnlyForDeploymentPostprocessing = 0;
			shellPath = /bin/sh;
			shellScript = "\"${SRCROOT}/Pods/Target Support Files/Pods/Pods-resources.sh\"\n";
			showEnvVarsInLog = 0;
		};
		5447F1B84A45AFAEA0A8FA52 /* Check Pods Manifest.lock */ = {
			isa = PBXShellScriptBuildPhase;
			buildActionMask = 2147483647;
			files = (
			);
			inputPaths = (
			);
			name = "Check Pods Manifest.lock";
			outputPaths = (
			);
			runOnlyForDeploymentPostprocessing = 0;
			shellPath = /bin/sh;
			shellScript = "diff \"${PODS_ROOT}/../Podfile.lock\" \"${PODS_ROOT}/Manifest.lock\" > /dev/null\nif [[ $? != 0 ]] ; then\n    cat << EOM\nerror: The sandbox is not in sync with the Podfile.lock. Run 'pod install' or update your CocoaPods installation.\nEOM\n    exit 1\nfi\n";
			showEnvVarsInLog = 0;
		};
/* End PBXShellScriptBuildPhase section */

/* Begin PBXSourcesBuildPhase section */
		270E59C21A02EF1600F63148 /* Sources */ = {
			isa = PBXSourcesBuildPhase;
			buildActionMask = 2147483647;
			files = (
				270E5A061A02F20A00F63148 /* BLCImagesTableViewController.m in Sources */,
				27B423281A14354E00630AA5 /* BLCCameraToolbar.m in Sources */,
				275BD3371A0F4A3100A4164A /* BLCMediaFullScreenAnimator.m in Sources */,
				27D5183D1A12DB27008F6675 /* BLCLikeButton.m in Sources */,
				27CD83591A07EF7A00855D52 /* BLCMediaTableViewCell.m in Sources */,
				27C996B71A03FDF400B849D5 /* BLCMedia.m in Sources */,
				270E59CF1A02EF1600F63148 /* AppDelegate.m in Sources */,
				270E59CC1A02EF1600F63148 /* main.m in Sources */,
				27D5183A1A12C3F6008F6675 /* BLCCircleSpinnerView.m in Sources */,
				27C996B41A03FBE800B849D5 /* BLCUser.m in Sources */,
				279AAA301A0E9E5D00542A07 /* BLCMediaFullScreenViewController.m in Sources */,
				27C996BD1A04040500B849D5 /* BLCDataSource.m in Sources */,
				27AC6AD21A09F2200070733B /* BLCLoginViewController.m in Sources */,
				27B4232B1A143DE200630AA5 /* BLCCameraViewController.m in Sources */,
				27C996BA1A03FF9300B849D5 /* BLCComment.m in Sources */,
				27B423251A13D3D600630AA5 /* BLCComposeCommentView.m in Sources */,
				27B423311A1480AB00630AA5 /* UIImage+BLCImageUtilities.m in Sources */,
			);
			runOnlyForDeploymentPostprocessing = 0;
		};
		270E59DB1A02EF1600F63148 /* Sources */ = {
			isa = PBXSourcesBuildPhase;
			buildActionMask = 2147483647;
			files = (
				270E59E61A02EF1600F63148 /* BlocstagramTests.m in Sources */,
			);
			runOnlyForDeploymentPostprocessing = 0;
		};
/* End PBXSourcesBuildPhase section */

/* Begin PBXTargetDependency section */
		270E59E11A02EF1600F63148 /* PBXTargetDependency */ = {
			isa = PBXTargetDependency;
			target = 270E59C51A02EF1600F63148 /* Blocstagram */;
			targetProxy = 270E59E01A02EF1600F63148 /* PBXContainerItemProxy */;
		};
/* End PBXTargetDependency section */

/* Begin XCBuildConfiguration section */
		270E59E71A02EF1600F63148 /* Debug */ = {
			isa = XCBuildConfiguration;
			buildSettings = {
				ALWAYS_SEARCH_USER_PATHS = NO;
				CLANG_CXX_LANGUAGE_STANDARD = "gnu++0x";
				CLANG_CXX_LIBRARY = "libc++";
				CLANG_ENABLE_MODULES = YES;
				CLANG_ENABLE_OBJC_ARC = YES;
				CLANG_WARN_BOOL_CONVERSION = YES;
				CLANG_WARN_CONSTANT_CONVERSION = YES;
				CLANG_WARN_DIRECT_OBJC_ISA_USAGE = YES_ERROR;
				CLANG_WARN_EMPTY_BODY = YES;
				CLANG_WARN_ENUM_CONVERSION = YES;
				CLANG_WARN_INT_CONVERSION = YES;
				CLANG_WARN_OBJC_ROOT_CLASS = YES_ERROR;
				CLANG_WARN_UNREACHABLE_CODE = YES;
				CLANG_WARN__DUPLICATE_METHOD_MATCH = YES;
				"CODE_SIGN_IDENTITY[sdk=iphoneos*]" = "iPhone Developer";
				COPY_PHASE_STRIP = NO;
				ENABLE_STRICT_OBJC_MSGSEND = YES;
				GCC_C_LANGUAGE_STANDARD = gnu99;
				GCC_DYNAMIC_NO_PIC = NO;
				GCC_OPTIMIZATION_LEVEL = 0;
				GCC_PREPROCESSOR_DEFINITIONS = (
					"DEBUG=1",
					"$(inherited)",
				);
				GCC_SYMBOLS_PRIVATE_EXTERN = NO;
				GCC_WARN_64_TO_32_BIT_CONVERSION = YES;
				GCC_WARN_ABOUT_RETURN_TYPE = YES_ERROR;
				GCC_WARN_UNDECLARED_SELECTOR = YES;
				GCC_WARN_UNINITIALIZED_AUTOS = YES_AGGRESSIVE;
				GCC_WARN_UNUSED_FUNCTION = YES;
				GCC_WARN_UNUSED_VARIABLE = YES;
				IPHONEOS_DEPLOYMENT_TARGET = 8.1;
				MTL_ENABLE_DEBUG_INFO = YES;
				ONLY_ACTIVE_ARCH = YES;
				SDKROOT = iphoneos;
				TARGETED_DEVICE_FAMILY = "1,2";
			};
			name = Debug;
		};
		270E59E81A02EF1600F63148 /* Release */ = {
			isa = XCBuildConfiguration;
			buildSettings = {
				ALWAYS_SEARCH_USER_PATHS = NO;
				CLANG_CXX_LANGUAGE_STANDARD = "gnu++0x";
				CLANG_CXX_LIBRARY = "libc++";
				CLANG_ENABLE_MODULES = YES;
				CLANG_ENABLE_OBJC_ARC = YES;
				CLANG_WARN_BOOL_CONVERSION = YES;
				CLANG_WARN_CONSTANT_CONVERSION = YES;
				CLANG_WARN_DIRECT_OBJC_ISA_USAGE = YES_ERROR;
				CLANG_WARN_EMPTY_BODY = YES;
				CLANG_WARN_ENUM_CONVERSION = YES;
				CLANG_WARN_INT_CONVERSION = YES;
				CLANG_WARN_OBJC_ROOT_CLASS = YES_ERROR;
				CLANG_WARN_UNREACHABLE_CODE = YES;
				CLANG_WARN__DUPLICATE_METHOD_MATCH = YES;
				"CODE_SIGN_IDENTITY[sdk=iphoneos*]" = "iPhone Developer";
				COPY_PHASE_STRIP = YES;
				ENABLE_NS_ASSERTIONS = NO;
				ENABLE_STRICT_OBJC_MSGSEND = YES;
				GCC_C_LANGUAGE_STANDARD = gnu99;
				GCC_WARN_64_TO_32_BIT_CONVERSION = YES;
				GCC_WARN_ABOUT_RETURN_TYPE = YES_ERROR;
				GCC_WARN_UNDECLARED_SELECTOR = YES;
				GCC_WARN_UNINITIALIZED_AUTOS = YES_AGGRESSIVE;
				GCC_WARN_UNUSED_FUNCTION = YES;
				GCC_WARN_UNUSED_VARIABLE = YES;
				IPHONEOS_DEPLOYMENT_TARGET = 8.1;
				MTL_ENABLE_DEBUG_INFO = NO;
				SDKROOT = iphoneos;
				TARGETED_DEVICE_FAMILY = "1,2";
				VALIDATE_PRODUCT = YES;
			};
			name = Release;
		};
		270E59EA1A02EF1600F63148 /* Debug */ = {
			isa = XCBuildConfiguration;
			baseConfigurationReference = DF9A747F36B94E85182049D3 /* Pods.debug.xcconfig */;
			buildSettings = {
				ASSETCATALOG_COMPILER_APPICON_NAME = AppIcon;
				INFOPLIST_FILE = Blocstagram/Info.plist;
				LD_RUNPATH_SEARCH_PATHS = "$(inherited) @executable_path/Frameworks";
				PRODUCT_NAME = "$(TARGET_NAME)";
			};
			name = Debug;
		};
		270E59EB1A02EF1600F63148 /* Release */ = {
			isa = XCBuildConfiguration;
			baseConfigurationReference = D273029F54FC93029ED972B4 /* Pods.release.xcconfig */;
			buildSettings = {
				ASSETCATALOG_COMPILER_APPICON_NAME = AppIcon;
				INFOPLIST_FILE = Blocstagram/Info.plist;
				LD_RUNPATH_SEARCH_PATHS = "$(inherited) @executable_path/Frameworks";
				PRODUCT_NAME = "$(TARGET_NAME)";
			};
			name = Release;
		};
		270E59ED1A02EF1600F63148 /* Debug */ = {
			isa = XCBuildConfiguration;
			buildSettings = {
				BUNDLE_LOADER = "$(TEST_HOST)";
				FRAMEWORK_SEARCH_PATHS = (
					"$(SDKROOT)/Developer/Library/Frameworks",
					"$(inherited)",
				);
				GCC_PREPROCESSOR_DEFINITIONS = (
					"DEBUG=1",
					"$(inherited)",
				);
				INFOPLIST_FILE = BlocstagramTests/Info.plist;
				LD_RUNPATH_SEARCH_PATHS = "$(inherited) @executable_path/Frameworks @loader_path/Frameworks";
				PRODUCT_NAME = "$(TARGET_NAME)";
				TEST_HOST = "$(BUILT_PRODUCTS_DIR)/Blocstagram.app/Blocstagram";
			};
			name = Debug;
		};
		270E59EE1A02EF1600F63148 /* Release */ = {
			isa = XCBuildConfiguration;
			buildSettings = {
				BUNDLE_LOADER = "$(TEST_HOST)";
				FRAMEWORK_SEARCH_PATHS = (
					"$(SDKROOT)/Developer/Library/Frameworks",
					"$(inherited)",
				);
				INFOPLIST_FILE = BlocstagramTests/Info.plist;
				LD_RUNPATH_SEARCH_PATHS = "$(inherited) @executable_path/Frameworks @loader_path/Frameworks";
				PRODUCT_NAME = "$(TARGET_NAME)";
				TEST_HOST = "$(BUILT_PRODUCTS_DIR)/Blocstagram.app/Blocstagram";
			};
			name = Release;
		};
/* End XCBuildConfiguration section */

/* Begin XCConfigurationList section */
		270E59C11A02EF1600F63148 /* Build configuration list for PBXProject "Blocstagram" */ = {
			isa = XCConfigurationList;
			buildConfigurations = (
				270E59E71A02EF1600F63148 /* Debug */,
				270E59E81A02EF1600F63148 /* Release */,
			);
			defaultConfigurationIsVisible = 0;
			defaultConfigurationName = Release;
		};
		270E59E91A02EF1600F63148 /* Build configuration list for PBXNativeTarget "Blocstagram" */ = {
			isa = XCConfigurationList;
			buildConfigurations = (
				270E59EA1A02EF1600F63148 /* Debug */,
				270E59EB1A02EF1600F63148 /* Release */,
			);
			defaultConfigurationIsVisible = 0;
			defaultConfigurationName = Release;
		};
		270E59EC1A02EF1600F63148 /* Build configuration list for PBXNativeTarget "BlocstagramTests" */ = {
			isa = XCConfigurationList;
			buildConfigurations = (
				270E59ED1A02EF1600F63148 /* Debug */,
				270E59EE1A02EF1600F63148 /* Release */,
			);
			defaultConfigurationIsVisible = 0;
			defaultConfigurationName = Release;
		};
/* End XCConfigurationList section */
	};
	rootObject = 270E59BE1A02EF1600F63148 /* Project object */;
}
